
Microsoft Visual Studio Solution File, Format Version 12.00
# Visual Studio Version 17
VisualStudioVersion = 17.1.32414.318
MinimumVisualStudioVersion = 10.0.40219.1
Project("{9A19103F-16F7-4668-BE54-9A1E7A4F7556}") = "Manage", "Manage\Manage.csproj", "{28172069-E756-46EB-8E81-D06CC84E634C}"
EndProject
Project("{9A19103F-16F7-4668-BE54-9A1E7A4F7556}") = "ManageUnitTests", "ManageUnitTests\ManageUnitTests.csproj", "{2BFAB050-FE4B-45A4-B428-CB77522B481B}"
EndProject
Global
	GlobalSection(SolutionConfigurationPlatforms) = preSolution
		Debug|Any CPU = Debug|Any CPU
		Release|Any CPU = Release|Any CPU
	EndGlobalSection
	GlobalSection(ProjectConfigurationPlatforms) = postSolution
		{28172069-E756-46EB-8E81-D06CC84E634C}.Debug|Any CPU.ActiveCfg = Debug|Any CPU
		{28172069-E756-46EB-8E81-D06CC84E634C}.Debug|Any CPU.Build.0 = Debug|Any CPU
		{28172069-E756-46EB-8E81-D06CC84E634C}.Release|Any CPU.ActiveCfg = Release|Any CPU
		{28172069-E756-46EB-8E81-D06CC84E634C}.Release|Any CPU.Build.0 = Release|Any CPU
		{2BFAB050-FE4B-45A4-B428-CB77522B481B}.Debug|Any CPU.ActiveCfg = Debug|Any CPU
		{2BFAB050-FE4B-45A4-B428-CB77522B481B}.Debug|Any CPU.Build.0 = Debug|Any CPU
		{2BFAB050-FE4B-45A4-B428-CB77522B481B}.Release|Any CPU.ActiveCfg = Release|Any CPU
		{2BFAB050-FE4B-45A4-B428-CB77522B481B}.Release|Any CPU.Build.0 = Release|Any CPU
	EndGlobalSection
	GlobalSection(SolutionProperties) = preSolution
		HideSolutionNode = FALSE
	EndGlobalSection
	GlobalSection(ExtensibilityGlobals) = postSolution
		SolutionGuid = {7D25CEA6-C4C5-4C6C-83D6-EA3C9A05B76C}
	EndGlobalSection
EndGlobal
